
Microsoft Visual Studio Solution File, Format Version 12.00
# Visual Studio Version 17
VisualStudioVersion = 17.0.31903.59
MinimumVisualStudioVersion = 10.0.40219.1
Project("{2150E333-8FDC-42A3-9474-1A3956D46DE8}") = "src", "src", "{0985A033-AA8C-4F23-9187-57ADAC88A87C}"
EndProject
Project("{FAE04EC0-301F-11D3-BF4B-00C04F79EFBC}") = "CamelotCombatReporter.Cli", "src\CamelotCombatReporter.Cli\CamelotCombatReporter.Cli.csproj", "{217B09FD-FEEF-420C-B030-5719240127B5}"
EndProject
Project("{FAE04EC0-301F-11D3-BF4B-00C04F79EFBC}") = "CamelotCombatReporter.Core", "src\CamelotCombatReporter.Core\CamelotCombatReporter.Core.csproj", "{ACE0EA0A-D76B-435D-8B3A-3560320EDE8D}"
EndProject
Project("{2150E333-8FDC-42A3-9474-1A3956D46DE8}") = "tests", "tests", "{50B2A47A-6890-40EE-9CE9-079478A9CAC3}"
EndProject
Project("{FAE04EC0-301F-11D3-BF4B-00C04F79EFBC}") = "CamelotCombatReporter.Core.Tests", "tests\CamelotCombatReporter.Core.Tests\CamelotCombatReporter.Core.Tests.csproj", "{2186CD36-EEB0-406F-8281-3F490487822B}"
EndProject
Project("{FAE04EC0-301F-11D3-BF4B-00C04F79EFBC}") = "CamelotCombatReporter.Gui", "src\CamelotCombatReporter.Gui\CamelotCombatReporter.Gui.csproj", "{B4DC8EA3-3494-4797-B6C8-95830F5A3408}"
EndProject
Project("{FAE04EC0-301F-11D3-BF4B-00C04F79EFBC}") = "CamelotCombatReporter.Gui.Tests", "tests\CamelotCombatReporter.Gui.Tests\CamelotCombatReporter.Gui.Tests.csproj", "{7E0324DB-0592-4982-98F8-A031D1F030E9}"
EndProject
Project("{FAE04EC0-301F-11D3-BF4B-00C04F79EFBC}") = "CamelotCombatReporter.Plugins", "src\CamelotCombatReporter.Plugins\CamelotCombatReporter.Plugins.csproj", "{8225A779-6382-419D-99F5-1134C1BC4984}"
EndProject
Project("{FAE04EC0-301F-11D3-BF4B-00C04F79EFBC}") = "CamelotCombatReporter.PluginSdk", "src\CamelotCombatReporter.PluginSdk\CamelotCombatReporter.PluginSdk.csproj", "{67D8B514-9C01-43F7-AE24-173776DB72B5}"
EndProject
Project("{2150E333-8FDC-42A3-9474-1A3956D46DE8}") = "benchmarks", "benchmarks", "{66320409-64EC-F7C5-3DEF-65E7510DAAD1}"
EndProject
Project("{FAE04EC0-301F-11D3-BF4B-00C04F79EFBC}") = "CamelotCombatReporter.Benchmarks", "benchmarks\CamelotCombatReporter.Benchmarks\CamelotCombatReporter.Benchmarks.csproj", "{BC8B7D38-0FCB-426D-B86C-2C42987914E9}"
EndProject
Global
	GlobalSection(SolutionConfigurationPlatforms) = preSolution
		Debug|Any CPU = Debug|Any CPU
		Debug|x64 = Debug|x64
		Debug|x86 = Debug|x86
		Release|Any CPU = Release|Any CPU
		Release|x64 = Release|x64
		Release|x86 = Release|x86
	EndGlobalSection
	GlobalSection(ProjectConfigurationPlatforms) = postSolution
		{217B09FD-FEEF-420C-B030-5719240127B5}.Debug|Any CPU.ActiveCfg = Debug|Any CPU
		{217B09FD-FEEF-420C-B030-5719240127B5}.Debug|Any CPU.Build.0 = Debug|Any CPU
		{217B09FD-FEEF-420C-B030-5719240127B5}.Debug|x64.ActiveCfg = Debug|Any CPU
		{217B09FD-FEEF-420C-B030-5719240127B5}.Debug|x64.Build.0 = Debug|Any CPU
		{217B09FD-FEEF-420C-B030-5719240127B5}.Debug|x86.ActiveCfg = Debug|Any CPU
		{217B09FD-FEEF-420C-B030-5719240127B5}.Debug|x86.Build.0 = Debug|Any CPU
		{217B09FD-FEEF-420C-B030-5719240127B5}.Release|Any CPU.ActiveCfg = Release|Any CPU
		{217B09FD-FEEF-420C-B030-5719240127B5}.Release|Any CPU.Build.0 = Release|Any CPU
		{217B09FD-FEEF-420C-B030-5719240127B5}.Release|x64.ActiveCfg = Release|Any CPU
		{217B09FD-FEEF-420C-B030-5719240127B5}.Release|x64.Build.0 = Release|Any CPU
		{217B09FD-FEEF-420C-B030-5719240127B5}.Release|x86.ActiveCfg = Release|Any CPU
		{217B09FD-FEEF-420C-B030-5719240127B5}.Release|x86.Build.0 = Release|Any CPU
		{ACE0EA0A-D76B-435D-8B3A-3560320EDE8D}.Debug|Any CPU.ActiveCfg = Debug|Any CPU
		{ACE0EA0A-D76B-435D-8B3A-3560320EDE8D}.Debug|Any CPU.Build.0 = Debug|Any CPU
		{ACE0EA0A-D76B-435D-8B3A-3560320EDE8D}.Debug|x64.ActiveCfg = Debug|Any CPU
		{ACE0EA0A-D76B-435D-8B3A-3560320EDE8D}.Debug|x64.Build.0 = Debug|Any CPU
		{ACE0EA0A-D76B-435D-8B3A-3560320EDE8D}.Debug|x86.ActiveCfg = Debug|Any CPU
		{ACE0EA0A-D76B-435D-8B3A-3560320EDE8D}.Debug|x86.Build.0 = Debug|Any CPU
		{ACE0EA0A-D76B-435D-8B3A-3560320EDE8D}.Release|Any CPU.ActiveCfg = Release|Any CPU
		{ACE0EA0A-D76B-435D-8B3A-3560320EDE8D}.Release|Any CPU.Build.0 = Release|Any CPU
		{ACE0EA0A-D76B-435D-8B3A-3560320EDE8D}.Release|x64.ActiveCfg = Release|Any CPU
		{ACE0EA0A-D76B-435D-8B3A-3560320EDE8D}.Release|x64.Build.0 = Release|Any CPU
		{ACE0EA0A-D76B-435D-8B3A-3560320EDE8D}.Release|x86.ActiveCfg = Release|Any CPU
		{ACE0EA0A-D76B-435D-8B3A-3560320EDE8D}.Release|x86.Build.0 = Release|Any CPU
		{2186CD36-EEB0-406F-8281-3F490487822B}.Debug|Any CPU.ActiveCfg = Debug|Any CPU
		{2186CD36-EEB0-406F-8281-3F490487822B}.Debug|Any CPU.Build.0 = Debug|Any CPU
		{2186CD36-EEB0-406F-8281-3F490487822B}.Debug|x64.ActiveCfg = Debug|Any CPU
		{2186CD36-EEB0-406F-8281-3F490487822B}.Debug|x64.Build.0 = Debug|Any CPU
		{2186CD36-EEB0-406F-8281-3F490487822B}.Debug|x86.ActiveCfg = Debug|Any CPU
		{2186CD36-EEB0-406F-8281-3F490487822B}.Debug|x86.Build.0 = Debug|Any CPU
		{2186CD36-EEB0-406F-8281-3F490487822B}.Release|Any CPU.ActiveCfg = Release|Any CPU
		{2186CD36-EEB0-406F-8281-3F490487822B}.Release|Any CPU.Build.0 = Release|Any CPU
		{2186CD36-EEB0-406F-8281-3F490487822B}.Release|x64.ActiveCfg = Release|Any CPU
		{2186CD36-EEB0-406F-8281-3F490487822B}.Release|x64.Build.0 = Release|Any CPU
		{2186CD36-EEB0-406F-8281-3F490487822B}.Release|x86.ActiveCfg = Release|Any CPU
		{2186CD36-EEB0-406F-8281-3F490487822B}.Release|x86.Build.0 = Release|Any CPU
		{B4DC8EA3-3494-4797-B6C8-95830F5A3408}.Debug|Any CPU.ActiveCfg = Debug|Any CPU
		{B4DC8EA3-3494-4797-B6C8-95830F5A3408}.Debug|Any CPU.Build.0 = Debug|Any CPU
		{B4DC8EA3-3494-4797-B6C8-95830F5A3408}.Debug|x64.ActiveCfg = Debug|Any CPU
		{B4DC8EA3-3494-4797-B6C8-95830F5A3408}.Debug|x64.Build.0 = Debug|Any CPU
		{B4DC8EA3-3494-4797-B6C8-95830F5A3408}.Debug|x86.ActiveCfg = Debug|Any CPU
		{B4DC8EA3-3494-4797-B6C8-95830F5A3408}.Debug|x86.Build.0 = Debug|Any CPU
		{B4DC8EA3-3494-4797-B6C8-95830F5A3408}.Release|Any CPU.ActiveCfg = Release|Any CPU
		{B4DC8EA3-3494-4797-B6C8-95830F5A3408}.Release|Any CPU.Build.0 = Release|Any CPU
		{B4DC8EA3-3494-4797-B6C8-95830F5A3408}.Release|x64.ActiveCfg = Release|Any CPU
		{B4DC8EA3-3494-4797-B6C8-95830F5A3408}.Release|x64.Build.0 = Release|Any CPU
		{B4DC8EA3-3494-4797-B6C8-95830F5A3408}.Release|x86.ActiveCfg = Release|Any CPU
		{B4DC8EA3-3494-4797-B6C8-95830F5A3408}.Release|x86.Build.0 = Release|Any CPU
		{7E0324DB-0592-4982-98F8-A031D1F030E9}.Debug|Any CPU.ActiveCfg = Debug|Any CPU
		{7E0324DB-0592-4982-98F8-A031D1F030E9}.Debug|Any CPU.Build.0 = Debug|Any CPU
		{7E0324DB-0592-4982-98F8-A031D1F030E9}.Debug|x64.ActiveCfg = Debug|Any CPU
		{7E0324DB-0592-4982-98F8-A031D1F030E9}.Debug|x64.Build.0 = Debug|Any CPU
		{7E0324DB-0592-4982-98F8-A031D1F030E9}.Debug|x86.ActiveCfg = Debug|Any CPU
		{7E0324DB-0592-4982-98F8-A031D1F030E9}.Debug|x86.Build.0 = Debug|Any CPU
		{7E0324DB-0592-4982-98F8-A031D1F030E9}.Release|Any CPU.ActiveCfg = Release|Any CPU
		{7E0324DB-0592-4982-98F8-A031D1F030E9}.Release|Any CPU.Build.0 = Release|Any CPU
		{7E0324DB-0592-4982-98F8-A031D1F030E9}.Release|x64.ActiveCfg = Release|Any CPU
		{7E0324DB-0592-4982-98F8-A031D1F030E9}.Release|x64.Build.0 = Release|Any CPU
		{7E0324DB-0592-4982-98F8-A031D1F030E9}.Release|x86.ActiveCfg = Release|Any CPU
		{7E0324DB-0592-4982-98F8-A031D1F030E9}.Release|x86.Build.0 = Release|Any CPU
		{8225A779-6382-419D-99F5-1134C1BC4984}.Debug|Any CPU.ActiveCfg = Debug|Any CPU
		{8225A779-6382-419D-99F5-1134C1BC4984}.Debug|Any CPU.Build.0 = Debug|Any CPU
		{8225A779-6382-419D-99F5-1134C1BC4984}.Debug|x64.ActiveCfg = Debug|Any CPU
		{8225A779-6382-419D-99F5-1134C1BC4984}.Debug|x64.Build.0 = Debug|Any CPU
		{8225A779-6382-419D-99F5-1134C1BC4984}.Debug|x86.ActiveCfg = Debug|Any CPU
		{8225A779-6382-419D-99F5-1134C1BC4984}.Debug|x86.Build.0 = Debug|Any CPU
		{8225A779-6382-419D-99F5-1134C1BC4984}.Release|Any CPU.ActiveCfg = Release|Any CPU
		{8225A779-6382-419D-99F5-1134C1BC4984}.Release|Any CPU.Build.0 = Release|Any CPU
		{8225A779-6382-419D-99F5-1134C1BC4984}.Release|x64.ActiveCfg = Release|Any CPU
		{8225A779-6382-419D-99F5-1134C1BC4984}.Release|x64.Build.0 = Release|Any CPU
		{8225A779-6382-419D-99F5-1134C1BC4984}.Release|x86.ActiveCfg = Release|Any CPU
		{8225A779-6382-419D-99F5-1134C1BC4984}.Release|x86.Build.0 = Release|Any CPU
		{67D8B514-9C01-43F7-AE24-173776DB72B5}.Debug|Any CPU.ActiveCfg = Debug|Any CPU
		{67D8B514-9C01-43F7-AE24-173776DB72B5}.Debug|Any CPU.Build.0 = Debug|Any CPU
		{67D8B514-9C01-43F7-AE24-173776DB72B5}.Debug|x64.ActiveCfg = Debug|Any CPU
		{67D8B514-9C01-43F7-AE24-173776DB72B5}.Debug|x64.Build.0 = Debug|Any CPU
		{67D8B514-9C01-43F7-AE24-173776DB72B5}.Debug|x86.ActiveCfg = Debug|Any CPU
		{67D8B514-9C01-43F7-AE24-173776DB72B5}.Debug|x86.Build.0 = Debug|Any CPU
		{67D8B514-9C01-43F7-AE24-173776DB72B5}.Release|Any CPU.ActiveCfg = Release|Any CPU
		{67D8B514-9C01-43F7-AE24-173776DB72B5}.Release|Any CPU.Build.0 = Release|Any CPU
		{67D8B514-9C01-43F7-AE24-173776DB72B5}.Release|x64.ActiveCfg = Release|Any CPU
		{67D8B514-9C01-43F7-AE24-173776DB72B5}.Release|x64.Build.0 = Release|Any CPU
		{67D8B514-9C01-43F7-AE24-173776DB72B5}.Release|x86.ActiveCfg = Release|Any CPU
		{67D8B514-9C01-43F7-AE24-173776DB72B5}.Release|x86.Build.0 = Release|Any CPU
		{BC8B7D38-0FCB-426D-B86C-2C42987914E9}.Debug|Any CPU.ActiveCfg = Debug|Any CPU
		{BC8B7D38-0FCB-426D-B86C-2C42987914E9}.Debug|Any CPU.Build.0 = Debug|Any CPU
		{BC8B7D38-0FCB-426D-B86C-2C42987914E9}.Debug|x64.ActiveCfg = Debug|Any CPU
		{BC8B7D38-0FCB-426D-B86C-2C42987914E9}.Debug|x64.Build.0 = Debug|Any CPU
		{BC8B7D38-0FCB-426D-B86C-2C42987914E9}.Debug|x86.ActiveCfg = Debug|Any CPU
		{BC8B7D38-0FCB-426D-B86C-2C42987914E9}.Debug|x86.Build.0 = Debug|Any CPU
		{BC8B7D38-0FCB-426D-B86C-2C42987914E9}.Release|Any CPU.ActiveCfg = Release|Any CPU
		{BC8B7D38-0FCB-426D-B86C-2C42987914E9}.Release|Any CPU.Build.0 = Release|Any CPU
		{BC8B7D38-0FCB-426D-B86C-2C42987914E9}.Release|x64.ActiveCfg = Release|Any CPU
		{BC8B7D38-0FCB-426D-B86C-2C42987914E9}.Release|x64.Build.0 = Release|Any CPU
		{BC8B7D38-0FCB-426D-B86C-2C42987914E9}.Release|x86.ActiveCfg = Release|Any CPU
		{BC8B7D38-0FCB-426D-B86C-2C42987914E9}.Release|x86.Build.0 = Release|Any CPU
	EndGlobalSection
	GlobalSection(SolutionProperties) = preSolution
		HideSolutionNode = FALSE
	EndGlobalSection
	GlobalSection(NestedProjects) = preSolution
		{217B09FD-FEEF-420C-B030-5719240127B5} = {0985A033-AA8C-4F23-9187-57ADAC88A87C}
		{ACE0EA0A-D76B-435D-8B3A-3560320EDE8D} = {0985A033-AA8C-4F23-9187-57ADAC88A87C}
		{2186CD36-EEB0-406F-8281-3F490487822B} = {50B2A47A-6890-40EE-9CE9-079478A9CAC3}
		{B4DC8EA3-3494-4797-B6C8-95830F5A3408} = {0985A033-AA8C-4F23-9187-57ADAC88A87C}
		{7E0324DB-0592-4982-98F8-A031D1F030E9} = {50B2A47A-6890-40EE-9CE9-079478A9CAC3}
		{8225A779-6382-419D-99F5-1134C1BC4984} = {0985A033-AA8C-4F23-9187-57ADAC88A87C}
		{67D8B514-9C01-43F7-AE24-173776DB72B5} = {0985A033-AA8C-4F23-9187-57ADAC88A87C}
		{BC8B7D38-0FCB-426D-B86C-2C42987914E9} = {66320409-64EC-F7C5-3DEF-65E7510DAAD1}
	EndGlobalSection
EndGlobal
